
Microsoft Visual Studio Solution File, Format Version 12.00
# Visual Studio Version 17
VisualStudioVersion = 17.2.32630.192
MinimumVisualStudioVersion = 10.0.40219.1
Project("{FAE04EC0-301F-11D3-BF4B-00C04F79EFBC}") = "primeirosExerciciosSalario", "primeirosExerciciosSalario\primeirosExerciciosSalario.csproj", "{C8BDFF00-89CF-426B-9FF5-E80C7A7A99AF}"
EndProject
Global
	GlobalSection(SolutionConfigurationPlatforms) = preSolution
		Debug|Any CPU = Debug|Any CPU
		Release|Any CPU = Release|Any CPU
	EndGlobalSection
	GlobalSection(ProjectConfigurationPlatforms) = postSolution
		{C8BDFF00-89CF-426B-9FF5-E80C7A7A99AF}.Debug|Any CPU.ActiveCfg = Debug|Any CPU
		{C8BDFF00-89CF-426B-9FF5-E80C7A7A99AF}.Debug|Any CPU.Build.0 = Debug|Any CPU
		{C8BDFF00-89CF-426B-9FF5-E80C7A7A99AF}.Release|Any CPU.ActiveCfg = Release|Any CPU
		{C8BDFF00-89CF-426B-9FF5-E80C7A7A99AF}.Release|Any CPU.Build.0 = Release|Any CPU
	EndGlobalSection
	GlobalSection(SolutionProperties) = preSolution
		HideSolutionNode = FALSE
	EndGlobalSection
	GlobalSection(ExtensibilityGlobals) = postSolution
		SolutionGuid = {8E048EF3-2545-4607-A99E-F400B8BB155A}
	EndGlobalSection
EndGlobal
